
Microsoft Visual Studio Solution File, Format Version 10.00
# Visual Studio 2008
Project("{8BC9CEB8-8B4A-11D0-8D11-00A0C91BC942}") = "p", "p\p.vcproj", "{D3831D90-E580-46A4-B56E-6FD11E910DDE}"
EndProject
Global
	GlobalSection(SolutionConfigurationPlatforms) = preSolution
		Debug|Win32 = Debug|Win32
		Release|Win32 = Release|Win32
	EndGlobalSection
	GlobalSection(ProjectConfigurationPlatforms) = postSolution
		{D3831D90-E580-46A4-B56E-6FD11E910DDE}.Debug|Win32.ActiveCfg = Debug|Win32
		{D3831D90-E580-46A4-B56E-6FD11E910DDE}.Debug|Win32.Build.0 = Debug|Win32
		{D3831D90-E580-46A4-B56E-6FD11E910DDE}.Release|Win32.ActiveCfg = Release|Win32
		{D3831D90-E580-46A4-B56E-6FD11E910DDE}.Release|Win32.Build.0 = Release|Win32
	EndGlobalSection
	GlobalSection(SolutionProperties) = preSolution
		HideSolutionNode = FALSE
	EndGlobalSection
EndGlobal
